
Microsoft Visual Studio Solution File, Format Version 12.00
# Visual Studio Version 17
VisualStudioVersion = 17.14.35906.104 d17.14
MinimumVisualStudioVersion = 10.0.40219.1
Project("{FAE04EC0-301F-11D3-BF4B-00C04F79EFBC}") = "az-app-dat", "az-app-dat.csproj", "{6E900E32-3394-45C6-9A46-1669AC9F5C7A}"
EndProject
Global
	GlobalSection(SolutionConfigurationPlatforms) = preSolution
		Debug|Any CPU = Debug|Any CPU
		Release|Any CPU = Release|Any CPU
	EndGlobalSection
	GlobalSection(ProjectConfigurationPlatforms) = postSolution
		{6E900E32-3394-45C6-9A46-1669AC9F5C7A}.Debug|Any CPU.ActiveCfg = Debug|Any CPU
		{6E900E32-3394-45C6-9A46-1669AC9F5C7A}.Debug|Any CPU.Build.0 = Debug|Any CPU
		{6E900E32-3394-45C6-9A46-1669AC9F5C7A}.Release|Any CPU.ActiveCfg = Release|Any CPU
		{6E900E32-3394-45C6-9A46-1669AC9F5C7A}.Release|Any CPU.Build.0 = Release|Any CPU
	EndGlobalSection
	GlobalSection(SolutionProperties) = preSolution
		HideSolutionNode = FALSE
	EndGlobalSection
	GlobalSection(ExtensibilityGlobals) = postSolution
		SolutionGuid = {50EF059B-904F-4782-9CF0-419C36B6C4EB}
	EndGlobalSection
EndGlobal
